
Microsoft Visual Studio Solution File, Format Version 12.00
# Visual Studio Version 17
VisualStudioVersion = 17.11.35312.102
MinimumVisualStudioVersion = 10.0.40219.1
Project("{9A19103F-16F7-4668-BE54-9A1E7A4F7556}") = "race_game", "race_game.csproj", "{D6FC6A6F-7340-4D21-8869-64D4C93D8004}"
EndProject
Global
	GlobalSection(SolutionConfigurationPlatforms) = preSolution
		Debug|Any CPU = Debug|Any CPU
		Release|Any CPU = Release|Any CPU
	EndGlobalSection
	GlobalSection(ProjectConfigurationPlatforms) = postSolution
		{D6FC6A6F-7340-4D21-8869-64D4C93D8004}.Debug|Any CPU.ActiveCfg = Debug|Any CPU
		{D6FC6A6F-7340-4D21-8869-64D4C93D8004}.Debug|Any CPU.Build.0 = Debug|Any CPU
		{D6FC6A6F-7340-4D21-8869-64D4C93D8004}.Release|Any CPU.ActiveCfg = Release|Any CPU
		{D6FC6A6F-7340-4D21-8869-64D4C93D8004}.Release|Any CPU.Build.0 = Release|Any CPU
	EndGlobalSection
	GlobalSection(SolutionProperties) = preSolution
		HideSolutionNode = FALSE
	EndGlobalSection
	GlobalSection(ExtensibilityGlobals) = postSolution
		SolutionGuid = {2FB1E0E9-84C3-49D8-A214-9F746A01050B}
	EndGlobalSection
EndGlobal
